Microsoft Visual Studio Solution File, Format Version 12.00
# Visual Studio 2012
Project("{FAE04EC0-301F-11D3-BF4B-00C04F79EFBC}") = "tdws", "tdws.csproj", "{C6565ACC-049C-45E0-AB6A-E7FD50DCE4F3}"
EndProject
Global
	GlobalSection(SolutionConfigurationPlatforms) = preSolution
	Debug|Any CPU = Debug|Any CPU
	Release|Any CPU = Release|Any CPU
	Tools|Any CPU = Tools|Any CPU
	EndGlobalSection
	GlobalSection(ProjectConfigurationPlatforms) = postSolution
		{C6565ACC-049C-45E0-AB6A-E7FD50DCE4F3}.Debug|Any CPU.ActiveCfg = Debug|Any CPU
		{C6565ACC-049C-45E0-AB6A-E7FD50DCE4F3}.Debug|Any CPU.Build.0 = Debug|Any CPU
		{C6565ACC-049C-45E0-AB6A-E7FD50DCE4F3}.Release|Any CPU.ActiveCfg = Release|Any CPU
		{C6565ACC-049C-45E0-AB6A-E7FD50DCE4F3}.Release|Any CPU.Build.0 = Release|Any CPU
		{C6565ACC-049C-45E0-AB6A-E7FD50DCE4F3}.Tools|Any CPU.ActiveCfg = Tools|Any CPU
		{C6565ACC-049C-45E0-AB6A-E7FD50DCE4F3}.Tools|Any CPU.Build.0 = Tools|Any CPU
	EndGlobalSection
EndGlobal
